
Microsoft Visual Studio Solution File, Format Version 12.00
# Visual Studio Version 16
VisualStudioVersion = 16.0.30204.135
MinimumVisualStudioVersion = 10.0.40219.1
Project("{FAE04EC0-301F-11D3-BF4B-00C04F79EFBC}") = "RockPaperScissorsCSharp", "RockPaperScissorsCSharp\RockPaperScissorsCSharp.csproj", "{3E840120-47CE-4A59-BA32-4D564749FEAB}"
EndProject
Global
	GlobalSection(SolutionConfigurationPlatforms) = preSolution
		Debug|Any CPU = Debug|Any CPU
		Release|Any CPU = Release|Any CPU
	EndGlobalSection
	GlobalSection(ProjectConfigurationPlatforms) = postSolution
		{3E840120-47CE-4A59-BA32-4D564749FEAB}.Debug|Any CPU.ActiveCfg = Debug|Any CPU
		{3E840120-47CE-4A59-BA32-4D564749FEAB}.Debug|Any CPU.Build.0 = Debug|Any CPU
		{3E840120-47CE-4A59-BA32-4D564749FEAB}.Release|Any CPU.ActiveCfg = Release|Any CPU
		{3E840120-47CE-4A59-BA32-4D564749FEAB}.Release|Any CPU.Build.0 = Release|Any CPU
	EndGlobalSection
	GlobalSection(SolutionProperties) = preSolution
		HideSolutionNode = FALSE
	EndGlobalSection
	GlobalSection(ExtensibilityGlobals) = postSolution
		SolutionGuid = {AB4DDF33-CE8F-4A13-B2FB-371B7981474E}
	EndGlobalSection
EndGlobal
